// !$*UTF8*$!
{
	archiveVersion = 1;
	classes = {
	};
	objectVersion = 50;
	objects = {

/* Begin PBXBuildFile section */
		93B3F8C524B3C53C00B58829 /* AppDelegate.swift in Sources */ = {isa = PBXBuildFile; fileRef = 93B3F8C424B3C53C00B58829 /* AppDelegate.swift */; };
		93B3F8C724B3C53C00B58829 /* SceneDelegate.swift in Sources */ = {isa = PBXBuildFile; fileRef = 93B3F8C624B3C53C00B58829 /* SceneDelegate.swift */; };
		93B3F8CC24B3C53C00B58829 /* Main.storyboard in Resources */ = {isa = PBXBuildFile; fileRef = 93B3F8CA24B3C53C00B58829 /* Main.storyboard */; };
		93B3F8CE24B3C53E00B58829 /* Assets.xcassets in Resources */ = {isa = PBXBuildFile; fileRef = 93B3F8CD24B3C53E00B58829 /* Assets.xcassets */; };
		93B3F8D124B3C53E00B58829 /* LaunchScreen.storyboard in Resources */ = {isa = PBXBuildFile; fileRef = 93B3F8CF24B3C53E00B58829 /* LaunchScreen.storyboard */; };
		93B3F8DD24B3CBEA00B58829 /* Color.xcassets in Resources */ = {isa = PBXBuildFile; fileRef = 93B3F8DC24B3CBEA00B58829 /* Color.xcassets */; };
		93B3F8E324B3CE5F00B58829 /* CalcLabel.swift in Sources */ = {isa = PBXBuildFile; fileRef = 93B3F8E224B3CE5F00B58829 /* CalcLabel.swift */; };
		93B3F8E524B3CE6E00B58829 /* CalcButton.swift in Sources */ = {isa = PBXBuildFile; fileRef = 93B3F8E424B3CE6E00B58829 /* CalcButton.swift */; };
		93B3F8E724B3CE7E00B58829 /* CalcTextField.swift in Sources */ = {isa = PBXBuildFile; fileRef = 93B3F8E624B3CE7E00B58829 /* CalcTextField.swift */; };
		93B3F8E924B3CF3A00B58829 /* TipCalcViewController.swift in Sources */ = {isa = PBXBuildFile; fileRef = 93B3F8E824B3CF3A00B58829 /* TipCalcViewController.swift */; };
		93B3F8F024B3DAA700B58829 /* StyleGuide.swift in Sources */ = {isa = PBXBuildFile; fileRef = 93B3F8EF24B3DAA700B58829 /* StyleGuide.swift */; };
		93B3F8F124B3E39F00B58829 /* Lato-Regular.ttf in Resources */ = {isa = PBXBuildFile; fileRef = 93B3F8EC24B3DA4600B58829 /* Lato-Regular.ttf */; };
		93B3F8F224B3E3A100B58829 /* Lato-Light.ttf in Resources */ = {isa = PBXBuildFile; fileRef = 93B3F8EE24B3DA4600B58829 /* Lato-Light.ttf */; };
		93B3F8F324B3E3A400B58829 /* Lato-Bold.ttf in Resources */ = {isa = PBXBuildFile; fileRef = 93B3F8ED24B3DA4600B58829 /* Lato-Bold.ttf */; };
/* End PBXBuildFile section */

/* Begin PBXFileReference section */
		93B3F8C124B3C53C00B58829 /* TipCalculator.app */ = {isa = PBXFileReference; explicitFileType = wrapper.application; includeInIndex = 0; path = TipCalculator.app; sourceTree = BUILT_PRODUCTS_DIR; };
		93B3F8C424B3C53C00B58829 /* AppDelegate.swift */ = {isa = PBXFileReference; lastKnownFileType = sourcecode.swift; path = AppDelegate.swift; sourceTree = "<group>"; };
		93B3F8C624B3C53C00B58829 /* SceneDelegate.swift */ = {isa = PBXFileReference; lastKnownFileType = sourcecode.swift; path = SceneDelegate.swift; sourceTree = "<group>"; };
		93B3F8CB24B3C53C00B58829 /* Base */ = {isa = PBXFileReference; lastKnownFileType = file.storyboard; name = Base; path = Base.lproj/Main.storyboard; sourceTree = "<group>"; };
		93B3F8CD24B3C53E00B58829 /* Assets.xcassets */ = {isa = PBXFileReference; lastKnownFileType = folder.assetcatalog; path = Assets.xcassets; sourceTree = "<group>"; };
		93B3F8D024B3C53E00B58829 /* Base */ = {isa = PBXFileReference; lastKnownFileType = file.storyboard; name = Base; path = Base.lproj/LaunchScreen.storyboard; sourceTree = "<group>"; };
		93B3F8D224B3C53E00B58829 /* Info.plist */ = {isa = PBXFileReference; lastKnownFileType = text.plist.xml; path = Info.plist; sourceTree = "<group>"; };
		93B3F8DC24B3CBEA00B58829 /* Color.xcassets */ = {isa = PBXFileReference; lastKnownFileType = folder.assetcatalog; path = Color.xcassets; sourceTree = "<group>"; };
		93B3F8E224B3CE5F00B58829 /* CalcLabel.swift */ = {isa = PBXFileReference; lastKnownFileType = sourcecode.swift; path = CalcLabel.swift; sourceTree = "<group>"; };
		93B3F8E424B3CE6E00B58829 /* CalcButton.swift */ = {isa = PBXFileReference; lastKnownFileType = sourcecode.swift; path = CalcButton.swift; sourceTree = "<group>"; };
		93B3F8E624B3CE7E00B58829 /* CalcTextField.swift */ = {isa = PBXFileReference; lastKnownFileType = sourcecode.swift; path = CalcTextField.swift; sourceTree = "<group>"; };
		93B3F8E824B3CF3A00B58829 /* TipCalcViewController.swift */ = {isa = PBXFileReference; lastKnownFileType = sourcecode.swift; path = TipCalcViewController.swift; sourceTree = "<group>"; };
		93B3F8EC24B3DA4600B58829 /* Lato-Regular.ttf */ = {isa = PBXFileReference; lastKnownFileType = file; path = "Lato-Regular.ttf"; sourceTree = "<group>"; };
		93B3F8ED24B3DA4600B58829 /* Lato-Bold.ttf */ = {isa = PBXFileReference; lastKnownFileType = file; path = "Lato-Bold.ttf"; sourceTree = "<group>"; };
		93B3F8EE24B3DA4600B58829 /* Lato-Light.ttf */ = {isa = PBXFileReference; lastKnownFileType = file; path = "Lato-Light.ttf"; sourceTree = "<group>"; };
		93B3F8EF24B3DAA700B58829 /* StyleGuide.swift */ = {isa = PBXFileReference; lastKnownFileType = sourcecode.swift; path = StyleGuide.swift; sourceTree = "<group>"; };
/* End PBXFileReference section */

/* Begin PBXFrameworksBuildPhase section */
		93B3F8BE24B3C53C00B58829 /* Frameworks */ = {
			isa = PBXFrameworksBuildPhase;
			buildActionMask = 2147483647;
			files = (
			);
			runOnlyForDeploymentPostprocessing = 0;
		};
/* End PBXFrameworksBuildPhase section */

/* Begin PBXGroup section */
		93B3F8B824B3C53C00B58829 = {
			isa = PBXGroup;
			children = (
				93B3F8C324B3C53C00B58829 /* TipCalculator */,
				93B3F8C224B3C53C00B58829 /* Products */,
			);
			sourceTree = "<group>";
		};
		93B3F8C224B3C53C00B58829 /* Products */ = {
			isa = PBXGroup;
			children = (
				93B3F8C124B3C53C00B58829 /* TipCalculator.app */,
			);
			name = Products;
			sourceTree = "<group>";
		};
		93B3F8C324B3C53C00B58829 /* TipCalculator */ = {
			isa = PBXGroup;
			children = (
				93B3F8DA24B3C67E00B58829 /* Controlelrs */,
				93B3F8D924B3C67900B58829 /* Views */,
				93B3F8EA24B3D9DE00B58829 /* Helpers + Extensions */,
				93B3F8D824B3C5D100B58829 /* Resources */,
			);
			path = TipCalculator;
			sourceTree = "<group>";
		};
		93B3F8D824B3C5D100B58829 /* Resources */ = {
			isa = PBXGroup;
			children = (
				93B3F8EB24B3DA3800B58829 /* Fonts */,
				93B3F8C424B3C53C00B58829 /* AppDelegate.swift */,
				93B3F8C624B3C53C00B58829 /* SceneDelegate.swift */,
				93B3F8DC24B3CBEA00B58829 /* Color.xcassets */,
				93B3F8CD24B3C53E00B58829 /* Assets.xcassets */,
				93B3F8CF24B3C53E00B58829 /* LaunchScreen.storyboard */,
				93B3F8D224B3C53E00B58829 /* Info.plist */,
			);
			path = Resources;
			sourceTree = "<group>";
		};
		93B3F8D924B3C67900B58829 /* Views */ = {
			isa = PBXGroup;
			children = (
				93B3F8DE24B3CE0800B58829 /* Custom UI */,
				93B3F8CA24B3C53C00B58829 /* Main.storyboard */,
			);
			path = Views;
			sourceTree = "<group>";
		};
		93B3F8DA24B3C67E00B58829 /* Controlelrs */ = {
			isa = PBXGroup;
			children = (
				93B3F8DB24B3C68300B58829 /* ViewControllers */,
			);
			path = Controlelrs;
			sourceTree = "<group>";
		};
		93B3F8DB24B3C68300B58829 /* ViewControllers */ = {
			isa = PBXGroup;
			children = (
				93B3F8E824B3CF3A00B58829 /* TipCalcViewController.swift */,
			);
			path = ViewControllers;
			sourceTree = "<group>";
		};
		93B3F8DE24B3CE0800B58829 /* Custom UI */ = {
			isa = PBXGroup;
			children = (
				93B3F8DF24B3CE1100B58829 /* Custom Label */,
				93B3F8E124B3CE2000B58829 /* Custom Button */,
				93B3F8E024B3CE1900B58829 /* Custom TextField */,
			);
			path = "Custom UI";
			sourceTree = "<group>";
		};
		93B3F8DF24B3CE1100B58829 /* Custom Label */ = {
			isa = PBXGroup;
			children = (
				93B3F8E224B3CE5F00B58829 /* CalcLabel.swift */,
			);
			path = "Custom Label";
			sourceTree = "<group>";
		};
		93B3F8E024B3CE1900B58829 /* Custom TextField */ = {
			isa = PBXGroup;
			children = (
				93B3F8E624B3CE7E00B58829 /* CalcTextField.swift */,
			);
			path = "Custom TextField";
			sourceTree = "<group>";
		};
		93B3F8E124B3CE2000B58829 /* Custom Button */ = {
			isa = PBXGroup;
			children = (
				93B3F8E424B3CE6E00B58829 /* CalcButton.swift */,
			);
			path = "Custom Button";
			sourceTree = "<group>";
		};
		93B3F8EA24B3D9DE00B58829 /* Helpers + Extensions */ = {
			isa = PBXGroup;
			children = (
				93B3F8EF24B3DAA700B58829 /* StyleGuide.swift */,
			);
			path = "Helpers + Extensions";
			sourceTree = "<group>";
		};
		93B3F8EB24B3DA3800B58829 /* Fonts */ = {
			isa = PBXGroup;
			children = (
				93B3F8ED24B3DA4600B58829 /* Lato-Bold.ttf */,
				93B3F8EE24B3DA4600B58829 /* Lato-Light.ttf */,
				93B3F8EC24B3DA4600B58829 /* Lato-Regular.ttf */,
			);
			path = Fonts;
			sourceTree = "<group>";
		};
/* End PBXGroup section */

/* Begin PBXNativeTarget section */
		93B3F8C024B3C53C00B58829 /* TipCalculator */ = {
			isa = PBXNativeTarget;
			buildConfigurationList = 93B3F8D524B3C53E00B58829 /* Build configuration list for PBXNativeTarget "TipCalculator" */;
			buildPhases = (
				93B3F8BD24B3C53C00B58829 /* Sources */,
				93B3F8BE24B3C53C00B58829 /* Frameworks */,
				93B3F8BF24B3C53C00B58829 /* Resources */,
			);
			buildRules = (
			);
			dependencies = (
			);
			name = TipCalculator;
			productName = TipCalculator;
			productReference = 93B3F8C124B3C53C00B58829 /* TipCalculator.app */;
			productType = "com.apple.product-type.application";
		};
/* End PBXNativeTarget section */

/* Begin PBXProject section */
		93B3F8B924B3C53C00B58829 /* Project object */ = {
			isa = PBXProject;
			attributes = {
				LastSwiftUpdateCheck = 1150;
				LastUpgradeCheck = 1150;
				ORGANIZATIONNAME = "Bryan Workman";
				TargetAttributes = {
					93B3F8C024B3C53C00B58829 = {
						CreatedOnToolsVersion = 11.5;
					};
				};
			};
			buildConfigurationList = 93B3F8BC24B3C53C00B58829 /* Build configuration list for PBXProject "TipCalculator" */;
			compatibilityVersion = "Xcode 9.3";
			developmentRegion = en;
			hasScannedForEncodings = 0;
			knownRegions = (
				en,
				Base,
			);
			mainGroup = 93B3F8B824B3C53C00B58829;
			productRefGroup = 93B3F8C224B3C53C00B58829 /* Products */;
			projectDirPath = "";
			projectRoot = "";
			targets = (
				93B3F8C024B3C53C00B58829 /* TipCalculator */,
			);
		};
/* End PBXProject section */

/* Begin PBXResourcesBuildPhase section */
		93B3F8BF24B3C53C00B58829 /* Resources */ = {
			isa = PBXResourcesBuildPhase;
			buildActionMask = 2147483647;
			files = (
				93B3F8F324B3E3A400B58829 /* Lato-Bold.ttf in Resources */,
				93B3F8D124B3C53E00B58829 /* LaunchScreen.storyboard in Resources */,
				93B3F8DD24B3CBEA00B58829 /* Color.xcassets in Resources */,
				93B3F8F124B3E39F00B58829 /* Lato-Regular.ttf in Resources */,
				93B3F8F224B3E3A100B58829 /* Lato-Light.ttf in Resources */,
				93B3F8CE24B3C53E00B58829 /* Assets.xcassets in Resources */,
				93B3F8CC24B3C53C00B58829 /* Main.storyboard in Resources */,
			);
			runOnlyForDeploymentPostprocessing = 0;
		};
/* End PBXResourcesBuildPhase section */

/* Begin PBXSourcesBuildPhase section */
		93B3F8BD24B3C53C00B58829 /* Sources */ = {
			isa = PBXSourcesBuildPhase;
			buildActionMask = 2147483647;
			files = (
				93B3F8F024B3DAA700B58829 /* StyleGuide.swift in Sources */,
				93B3F8E724B3CE7E00B58829 /* CalcTextField.swift in Sources */,
				93B3F8E524B3CE6E00B58829 /* CalcButton.swift in Sources */,
				93B3F8E324B3CE5F00B58829 /* CalcLabel.swift in Sources */,
				93B3F8E924B3CF3A00B58829 /* TipCalcViewController.swift in Sources */,
				93B3F8C524B3C53C00B58829 /* AppDelegate.swift in Sources */,
				93B3F8C724B3C53C00B58829 /* SceneDelegate.swift in Sources */,
			);
			runOnlyForDeploymentPostprocessing = 0;
		};
/* End PBXSourcesBuildPhase section */

/* Begin PBXVariantGroup section */
		93B3F8CA24B3C53C00B58829 /* Main.storyboard */ = {
			isa = PBXVariantGroup;
			children = (
				93B3F8CB24B3C53C00B58829 /* Base */,
			);
			name = Main.storyboard;
			sourceTree = "<group>";
		};
		93B3F8CF24B3C53E00B58829 /* LaunchScreen.storyboard */ = {
			isa = PBXVariantGroup;
			children = (
				93B3F8D024B3C53E00B58829 /* Base */,
			);
			name = LaunchScreen.storyboard;
			sourceTree = "<group>";
		};
/* End PBXVariantGroup section */

/* Begin XCBuildConfiguration section */
		93B3F8D324B3C53E00B58829 /* Debug */ = {
			isa = XCBuildConfiguration;
			buildSettings = {
				ALWAYS_SEARCH_USER_PATHS = NO;
				CLANG_ANALYZER_NONNULL = YES;
				CLANG_ANALYZER_NUMBER_OBJECT_CONVERSION = YES_AGGRESSIVE;
				CLANG_CXX_LANGUAGE_STANDARD = "gnu++14";
				CLANG_CXX_LIBRARY = "libc++";
				CLANG_ENABLE_MODULES = YES;
				CLANG_ENABLE_OBJC_ARC = YES;
				CLANG_ENABLE_OBJC_WEAK = YES;
				CLANG_WARN_BLOCK_CAPTURE_AUTORELEASING = YES;
				CLANG_WARN_BOOL_CONVERSION = YES;
				CLANG_WARN_COMMA = YES;
				CLANG_WARN_CONSTANT_CONVERSION = YES;
				CLANG_WARN_DEPRECATED_OBJC_IMPLEMENTATIONS = YES;
				CLANG_WARN_DIRECT_OBJC_ISA_USAGE = YES_ERROR;
				CLANG_WARN_DOCUMENTATION_COMMENTS = YES;
				CLANG_WARN_EMPTY_BODY = YES;
				CLANG_WARN_ENUM_CONVERSION = YES;
				CLANG_WARN_INFINITE_RECURSION = YES;
				CLANG_WARN_INT_CONVERSION = YES;
				CLANG_WARN_NON_LITERAL_NULL_CONVERSION = YES;
				CLANG_WARN_OBJC_IMPLICIT_RETAIN_SELF = YES;
				CLANG_WARN_OBJC_LITERAL_CONVERSION = YES;
				CLANG_WARN_OBJC_ROOT_CLASS = YES_ERROR;
				CLANG_WARN_RANGE_LOOP_ANALYSIS = YES;
				CLANG_WARN_STRICT_PROTOTYPES = YES;
				CLANG_WARN_SUSPICIOUS_MOVE = YES;
				CLANG_WARN_UNGUARDED_AVAILABILITY = YES_AGGRESSIVE;
				CLANG_WARN_UNREACHABLE_CODE = YES;
				CLANG_WARN__DUPLICATE_METHOD_MATCH = YES;
				COPY_PHASE_STRIP = NO;
				DEBUG_INFORMATION_FORMAT = dwarf;
				ENABLE_STRICT_OBJC_MSGSEND = YES;
				ENABLE_TESTABILITY = YES;
				GCC_C_LANGUAGE_STANDARD = gnu11;
				GCC_DYNAMIC_NO_PIC = NO;
				GCC_NO_COMMON_BLOCKS = YES;
				GCC_OPTIMIZATION_LEVEL = 0;
				GCC_PREPROCESSOR_DEFINITIONS = (
					"DEBUG=1",
					"$(inherited)",
				);
				GCC_WARN_64_TO_32_BIT_CONVERSION = YES;
				GCC_WARN_ABOUT_RETURN_TYPE = YES_ERROR;
				GCC_WARN_UNDECLARED_SELECTOR = YES;
				GCC_WARN_UNINITIALIZED_AUTOS = YES_AGGRESSIVE;
				GCC_WARN_UNUSED_FUNCTION = YES;
				GCC_WARN_UNUSED_VARIABLE = YES;
				IPHONEOS_DEPLOYMENT_TARGET = 13.5;
				MTL_ENABLE_DEBUG_INFO = INCLUDE_SOURCE;
				MTL_FAST_MATH = YES;
				ONLY_ACTIVE_ARCH = YES;
				SDKROOT = iphoneos;
				SWIFT_ACTIVE_COMPILATION_CONDITIONS = DEBUG;
				SWIFT_OPTIMIZATION_LEVEL = "-Onone";
			};
			name = Debug;
		};
		93B3F8D424B3C53E00B58829 /* Release */ = {
			isa = XCBuildConfiguration;
			buildSettings = {
				ALWAYS_SEARCH_USER_PATHS = NO;
				CLANG_ANALYZER_NONNULL = YES;
				CLANG_ANALYZER_NUMBER_OBJECT_CONVERSION = YES_AGGRESSIVE;
				CLANG_CXX_LANGUAGE_STANDARD = "gnu++14";
				CLANG_CXX_LIBRARY = "libc++";
				CLANG_ENABLE_MODULES = YES;
				CLANG_ENABLE_OBJC_ARC = YES;
				CLANG_ENABLE_OBJC_WEAK = YES;
				CLANG_WARN_BLOCK_CAPTURE_AUTORELEASING = YES;
				CLANG_WARN_BOOL_CONVERSION = YES;
				CLANG_WARN_COMMA = YES;
				CLANG_WARN_CONSTANT_CONVERSION = YES;
				CLANG_WARN_DEPRECATED_OBJC_IMPLEMENTATIONS = YES;
				CLANG_WARN_DIRECT_OBJC_ISA_USAGE = YES_ERROR;
				CLANG_WARN_DOCUMENTATION_COMMENTS = YES;
				CLANG_WARN_EMPTY_BODY = YES;
				CLANG_WARN_ENUM_CONVERSION = YES;
				CLANG_WARN_INFINITE_RECURSION = YES;
				CLANG_WARN_INT_CONVERSION = YES;
				CLANG_WARN_NON_LITERAL_NULL_CONVERSION = YES;
				CLANG_WARN_OBJC_IMPLICIT_RETAIN_SELF = YES;
				CLANG_WARN_OBJC_LITERAL_CONVERSION = YES;
				CLANG_WARN_OBJC_ROOT_CLASS = YES_ERROR;
				CLANG_WARN_RANGE_LOOP_ANALYSIS = YES;
				CLANG_WARN_STRICT_PROTOTYPES = YES;
				CLANG_WARN_SUSPICIOUS_MOVE = YES;
				CLANG_WARN_UNGUARDED_AVAILABILITY = YES_AGGRESSIVE;
				CLANG_WARN_UNREACHABLE_CODE = YES;
				CLANG_WARN__DUPLICATE_METHOD_MATCH = YES;
				COPY_PHASE_STRIP = NO;
				DEBUG_INFORMATION_FORMAT = "dwarf-with-dsym";
				ENABLE_NS_ASSERTIONS = NO;
				ENABLE_STRICT_OBJC_MSGSEND = YES;
				GCC_C_LANGUAGE_STANDARD = gnu11;
				GCC_NO_COMMON_BLOCKS = YES;
				GCC_WARN_64_TO_32_BIT_CONVERSION = YES;
				GCC_WARN_ABOUT_RETURN_TYPE = YES_ERROR;
				GCC_WARN_UNDECLARED_SELECTOR = YES;
				GCC_WARN_UNINITIALIZED_AUTOS = YES_AGGRESSIVE;
				GCC_WARN_UNUSED_FUNCTION = YES;
				GCC_WARN_UNUSED_VARIABLE = YES;
				IPHONEOS_DEPLOYMENT_TARGET = 13.5;
				MTL_ENABLE_DEBUG_INFO = NO;
				MTL_FAST_MATH = YES;
				SDKROOT = iphoneos;
				SWIFT_COMPILATION_MODE = wholemodule;
				SWIFT_OPTIMIZATION_LEVEL = "-O";
				VALIDATE_PRODUCT = YES;
			};
			name = Release;
		};
		93B3F8D624B3C53E00B58829 /* Debug */ = {
			isa = XCBuildConfiguration;
			buildSettings = {
				ASSETCATALOG_COMPILER_APPICON_NAME = AppIcon;
				CODE_SIGN_STYLE = Automatic;
				DEVELOPMENT_TEAM = CYXP9477KA;
				INFOPLIST_FILE = TipCalculator/Resources/Info.plist;
				LD_RUNPATH_SEARCH_PATHS = (
					"$(inherited)",
					"@executable_path/Frameworks",
				);
				PRODUCT_BUNDLE_IDENTIFIER = com.bryanworkman.TipCalculator;
				PRODUCT_NAME = "$(TARGET_NAME)";
				SWIFT_VERSION = 5.0;
				TARGETED_DEVICE_FAMILY = "1,2";
			};
			name = Debug;
		};
		93B3F8D724B3C53E00B58829 /* Release */ = {
			isa = XCBuildConfiguration;
			buildSettings = {
				ASSETCATALOG_COMPILER_APPICON_NAME = AppIcon;
				CODE_SIGN_STYLE = Automatic;
				DEVELOPMENT_TEAM = CYXP9477KA;
				INFOPLIST_FILE = TipCalculator/Resources/Info.plist;
				LD_RUNPATH_SEARCH_PATHS = (
					"$(inherited)",
					"@executable_path/Frameworks",
				);
				PRODUCT_BUNDLE_IDENTIFIER = com.bryanworkman.TipCalculator;
				PRODUCT_NAME = "$(TARGET_NAME)";
				SWIFT_VERSION = 5.0;
				TARGETED_DEVICE_FAMILY = "1,2";
			};
			name = Release;
		};
/* End XCBuildConfiguration section */

/* Begin XCConfigurationList section */
		93B3F8BC24B3C53C00B58829 /* Build configuration list for PBXProject "TipCalculator" */ = {
			isa = XCConfigurationList;
			buildConfigurations = (
				93B3F8D324B3C53E00B58829 /* Debug */,
				93B3F8D424B3C53E00B58829 /* Release */,
			);
			defaultConfigurationIsVisible = 0;
			defaultConfigurationName = Release;
		};
		93B3F8D524B3C53E00B58829 /* Build configuration list for PBXNativeTarget "TipCalculator" */ = {
			isa = XCConfigurationList;
			buildConfigurations = (
				93B3F8D624B3C53E00B58829 /* Debug */,
				93B3F8D724B3C53E00B58829 /* Release */,
			);
			defaultConfigurationIsVisible = 0;
			defaultConfigurationName = Release;
		};
/* End XCConfigurationList section */
	};
	rootObject = 93B3F8B924B3C53C00B58829 /* Project object */;
}
